
Microsoft Visual Studio Solution File, Format Version 12.00
# Visual Studio 14
VisualStudioVersion = 14.0.25420.1
MinimumVisualStudioVersion = 10.0.40219.1
Project("{FAE04EC0-301F-11D3-BF4B-00C04F79EFBC}") = "MVC8amMonsoonBatch", "MVC8amMonsoonBatch\MVC8amMonsoonBatch.csproj", "{EA505B95-786A-45E5-BEFA-B3118015CB5E}"
EndProject
Project("{FAE04EC0-301F-11D3-BF4B-00C04F79EFBC}") = "AdoNetExample", "AdoNetExample\AdoNetExample.csproj", "{D3E68E36-C87E-4D80-A4DD-896EF9C9E6CA}"
EndProject
Project("{FAE04EC0-301F-11D3-BF4B-00C04F79EFBC}") = "CodeFirstApproach", "CodeFirstApproach\CodeFirstApproach.csproj", "{6C242F7F-BE0E-49C8-A173-D7179D7A5FA0}"
EndProject
Project("{FAE04EC0-301F-11D3-BF4B-00C04F79EFBC}") = "ModelBasedApproach", "ModelBasedApproach\ModelBasedApproach.csproj", "{4DF9FE7B-F5BA-4476-831D-934FB6F26BF8}"
EndProject
Project("{FAE04EC0-301F-11D3-BF4B-00C04F79EFBC}") = "AdminEcom", "AdminEcom\AdminEcom\AdminEcom.csproj", "{9E23EDB5-2935-4FC7-9894-FD1DB56E4539}"
EndProject
Global
	GlobalSection(SolutionConfigurationPlatforms) = preSolution
		Debug|Any CPU = Debug|Any CPU
		Release|Any CPU = Release|Any CPU
	EndGlobalSection
	GlobalSection(ProjectConfigurationPlatforms) = postSolution
		{EA505B95-786A-45E5-BEFA-B3118015CB5E}.Debug|Any CPU.ActiveCfg = Debug|Any CPU
		{EA505B95-786A-45E5-BEFA-B3118015CB5E}.Debug|Any CPU.Build.0 = Debug|Any CPU
		{EA505B95-786A-45E5-BEFA-B3118015CB5E}.Release|Any CPU.ActiveCfg = Release|Any CPU
		{EA505B95-786A-45E5-BEFA-B3118015CB5E}.Release|Any CPU.Build.0 = Release|Any CPU
		{D3E68E36-C87E-4D80-A4DD-896EF9C9E6CA}.Debug|Any CPU.ActiveCfg = Debug|Any CPU
		{D3E68E36-C87E-4D80-A4DD-896EF9C9E6CA}.Debug|Any CPU.Build.0 = Debug|Any CPU
		{D3E68E36-C87E-4D80-A4DD-896EF9C9E6CA}.Release|Any CPU.ActiveCfg = Release|Any CPU
		{D3E68E36-C87E-4D80-A4DD-896EF9C9E6CA}.Release|Any CPU.Build.0 = Release|Any CPU
		{6C242F7F-BE0E-49C8-A173-D7179D7A5FA0}.Debug|Any CPU.ActiveCfg = Debug|Any CPU
		{6C242F7F-BE0E-49C8-A173-D7179D7A5FA0}.Debug|Any CPU.Build.0 = Debug|Any CPU
		{6C242F7F-BE0E-49C8-A173-D7179D7A5FA0}.Release|Any CPU.ActiveCfg = Release|Any CPU
		{6C242F7F-BE0E-49C8-A173-D7179D7A5FA0}.Release|Any CPU.Build.0 = Release|Any CPU
		{4DF9FE7B-F5BA-4476-831D-934FB6F26BF8}.Debug|Any CPU.ActiveCfg = Debug|Any CPU
		{4DF9FE7B-F5BA-4476-831D-934FB6F26BF8}.Debug|Any CPU.Build.0 = Debug|Any CPU
		{4DF9FE7B-F5BA-4476-831D-934FB6F26BF8}.Release|Any CPU.ActiveCfg = Release|Any CPU
		{4DF9FE7B-F5BA-4476-831D-934FB6F26BF8}.Release|Any CPU.Build.0 = Release|Any CPU
		{9E23EDB5-2935-4FC7-9894-FD1DB56E4539}.Debug|Any CPU.ActiveCfg = Debug|Any CPU
		{9E23EDB5-2935-4FC7-9894-FD1DB56E4539}.Debug|Any CPU.Build.0 = Debug|Any CPU
		{9E23EDB5-2935-4FC7-9894-FD1DB56E4539}.Release|Any CPU.ActiveCfg = Release|Any CPU
		{9E23EDB5-2935-4FC7-9894-FD1DB56E4539}.Release|Any CPU.Build.0 = Release|Any CPU
	EndGlobalSection
	GlobalSection(SolutionProperties) = preSolution
		HideSolutionNode = FALSE
	EndGlobalSection
EndGlobal
