
Microsoft Visual Studio Solution File, Format Version 12.00
# Visual Studio 14
VisualStudioVersion = 14.0.25420.1
MinimumVisualStudioVersion = 10.0.40219.1
Project("{FAE04EC0-301F-11D3-BF4B-00C04F79EFBC}") = "AdminEcom", "AdminEcom\AdminEcom.csproj", "{9E23EDB5-2935-4FC7-9894-FD1DB56E4539}"
EndProject
Project("{FAE04EC0-301F-11D3-BF4B-00C04F79EFBC}") = "SmartShopApp", "SmartShopApp\SmartShopApp.csproj", "{3F7FD647-278D-4170-AB67-ABC1D58347D9}"
EndProject
Global
	GlobalSection(SolutionConfigurationPlatforms) = preSolution
		Debug|Any CPU = Debug|Any CPU
		Release|Any CPU = Release|Any CPU
	EndGlobalSection
	GlobalSection(ProjectConfigurationPlatforms) = postSolution
		{9E23EDB5-2935-4FC7-9894-FD1DB56E4539}.Debug|Any CPU.ActiveCfg = Debug|Any CPU
		{9E23EDB5-2935-4FC7-9894-FD1DB56E4539}.Debug|Any CPU.Build.0 = Debug|Any CPU
		{9E23EDB5-2935-4FC7-9894-FD1DB56E4539}.Release|Any CPU.ActiveCfg = Release|Any CPU
		{9E23EDB5-2935-4FC7-9894-FD1DB56E4539}.Release|Any CPU.Build.0 = Release|Any CPU
		{3F7FD647-278D-4170-AB67-ABC1D58347D9}.Debug|Any CPU.ActiveCfg = Debug|Any CPU
		{3F7FD647-278D-4170-AB67-ABC1D58347D9}.Debug|Any CPU.Build.0 = Debug|Any CPU
		{3F7FD647-278D-4170-AB67-ABC1D58347D9}.Release|Any CPU.ActiveCfg = Release|Any CPU
		{3F7FD647-278D-4170-AB67-ABC1D58347D9}.Release|Any CPU.Build.0 = Release|Any CPU
	EndGlobalSection
	GlobalSection(SolutionProperties) = preSolution
		HideSolutionNode = FALSE
	EndGlobalSection
EndGlobal
